
Microsoft Visual Studio Solution File, Format Version 12.00
# Visual Studio Version 16
VisualStudioVersion = 16.0.31729.503
MinimumVisualStudioVersion = 10.0.40219.1
Project("{FAE04EC0-301F-11D3-BF4B-00C04F79EFBC}") = "DataLayer", "DataLayer\DataLayer.csproj", "{A91D66C2-CB24-4437-87C5-04D0AE0FFBC4}"
EndProject
Project("{FAE04EC0-301F-11D3-BF4B-00C04F79EFBC}") = "BusinessLayer", "BusinessLayer\BusinessLayer.csproj", "{67CBAA0B-0DD8-40F6-8515-45D6CC74BF1B}"
EndProject
Project("{FAE04EC0-301F-11D3-BF4B-00C04F79EFBC}") = "KHACHSAN", "KHACHSAN\KHACHSAN.csproj", "{21713144-1BB8-4871-BB8B-D3B3F8E7245F}"
EndProject
Project("{FAE04EC0-301F-11D3-BF4B-00C04F79EFBC}") = "USERMANAGEMENT", "USERMANAGEMENT\USERMANAGEMENT.csproj", "{DC3230DE-5E04-4613-A1E0-3B1399C45EBD}"
EndProject
Global
	GlobalSection(SolutionConfigurationPlatforms) = preSolution
		Debug|Any CPU = Debug|Any CPU
		Debug|x64 = Debug|x64
		Release|Any CPU = Release|Any CPU
		Release|x64 = Release|x64
	EndGlobalSection
	GlobalSection(ProjectConfigurationPlatforms) = postSolution
		{A91D66C2-CB24-4437-87C5-04D0AE0FFBC4}.Debug|Any CPU.ActiveCfg = Debug|Any CPU
		{A91D66C2-CB24-4437-87C5-04D0AE0FFBC4}.Debug|Any CPU.Build.0 = Debug|Any CPU
		{A91D66C2-CB24-4437-87C5-04D0AE0FFBC4}.Debug|x64.ActiveCfg = Debug|Any CPU
		{A91D66C2-CB24-4437-87C5-04D0AE0FFBC4}.Debug|x64.Build.0 = Debug|Any CPU
		{A91D66C2-CB24-4437-87C5-04D0AE0FFBC4}.Release|Any CPU.ActiveCfg = Release|Any CPU
		{A91D66C2-CB24-4437-87C5-04D0AE0FFBC4}.Release|Any CPU.Build.0 = Release|Any CPU
		{A91D66C2-CB24-4437-87C5-04D0AE0FFBC4}.Release|x64.ActiveCfg = Release|Any CPU
		{A91D66C2-CB24-4437-87C5-04D0AE0FFBC4}.Release|x64.Build.0 = Release|Any CPU
		{67CBAA0B-0DD8-40F6-8515-45D6CC74BF1B}.Debug|Any CPU.ActiveCfg = Debug|Any CPU
		{67CBAA0B-0DD8-40F6-8515-45D6CC74BF1B}.Debug|Any CPU.Build.0 = Debug|Any CPU
		{67CBAA0B-0DD8-40F6-8515-45D6CC74BF1B}.Debug|x64.ActiveCfg = Debug|x64
		{67CBAA0B-0DD8-40F6-8515-45D6CC74BF1B}.Debug|x64.Build.0 = Debug|x64
		{67CBAA0B-0DD8-40F6-8515-45D6CC74BF1B}.Release|Any CPU.ActiveCfg = Release|Any CPU
		{67CBAA0B-0DD8-40F6-8515-45D6CC74BF1B}.Release|Any CPU.Build.0 = Release|Any CPU
		{67CBAA0B-0DD8-40F6-8515-45D6CC74BF1B}.Release|x64.ActiveCfg = Release|x64
		{67CBAA0B-0DD8-40F6-8515-45D6CC74BF1B}.Release|x64.Build.0 = Release|x64
		{21713144-1BB8-4871-BB8B-D3B3F8E7245F}.Debug|Any CPU.ActiveCfg = Debug|Any CPU
		{21713144-1BB8-4871-BB8B-D3B3F8E7245F}.Debug|Any CPU.Build.0 = Debug|Any CPU
		{21713144-1BB8-4871-BB8B-D3B3F8E7245F}.Debug|x64.ActiveCfg = Debug|Any CPU
		{21713144-1BB8-4871-BB8B-D3B3F8E7245F}.Debug|x64.Build.0 = Debug|Any CPU
		{21713144-1BB8-4871-BB8B-D3B3F8E7245F}.Release|Any CPU.ActiveCfg = Release|Any CPU
		{21713144-1BB8-4871-BB8B-D3B3F8E7245F}.Release|Any CPU.Build.0 = Release|Any CPU
		{21713144-1BB8-4871-BB8B-D3B3F8E7245F}.Release|x64.ActiveCfg = Release|Any CPU
		{21713144-1BB8-4871-BB8B-D3B3F8E7245F}.Release|x64.Build.0 = Release|Any CPU
		{DC3230DE-5E04-4613-A1E0-3B1399C45EBD}.Debug|Any CPU.ActiveCfg = Debug|Any CPU
		{DC3230DE-5E04-4613-A1E0-3B1399C45EBD}.Debug|Any CPU.Build.0 = Debug|Any CPU
		{DC3230DE-5E04-4613-A1E0-3B1399C45EBD}.Debug|x64.ActiveCfg = Debug|Any CPU
		{DC3230DE-5E04-4613-A1E0-3B1399C45EBD}.Debug|x64.Build.0 = Debug|Any CPU
		{DC3230DE-5E04-4613-A1E0-3B1399C45EBD}.Release|Any CPU.ActiveCfg = Release|Any CPU
		{DC3230DE-5E04-4613-A1E0-3B1399C45EBD}.Release|Any CPU.Build.0 = Release|Any CPU
		{DC3230DE-5E04-4613-A1E0-3B1399C45EBD}.Release|x64.ActiveCfg = Release|Any CPU
		{DC3230DE-5E04-4613-A1E0-3B1399C45EBD}.Release|x64.Build.0 = Release|Any CPU
	EndGlobalSection
	GlobalSection(SolutionProperties) = preSolution
		HideSolutionNode = FALSE
	EndGlobalSection
	GlobalSection(ExtensibilityGlobals) = postSolution
		SolutionGuid = {E0B16E76-3D90-466B-AADC-63A8ECF44B37}
	EndGlobalSection
EndGlobal
